
Microsoft Visual Studio Solution File, Format Version 12.00
# Visual Studio Version 17
VisualStudioVersion = 17.8.34330.188
MinimumVisualStudioVersion = 10.0.40219.1
Project("{9A19103F-16F7-4668-BE54-9A1E7A4F7556}") = "GSRU-API", "GSRU-API\GSRU-API.csproj", "{2BAEB610-1A19-47D7-B133-58125143E155}"
EndProject
Project("{9A19103F-16F7-4668-BE54-9A1E7A4F7556}") = "GSRU-DataAccessLayer", "GSRU-DataAccessLayer\GSRU-DataAccessLayer.csproj", "{43F675A6-A709-454D-8A89-9AE42B80FEB5}"
EndProject
Project("{9A19103F-16F7-4668-BE54-9A1E7A4F7556}") = "GSRU-API.Common", "GSRU-Common\GSRU-API.Common.csproj", "{3E4B2958-7649-49E2-9396-95E75C51539F}"
EndProject
Project("{9A19103F-16F7-4668-BE54-9A1E7A4F7556}") = "GSRU-API.BusinessLayer", "GSRU-API.Services\GSRU-API.BusinessLayer.csproj", "{6BBCB8CA-D311-483B-BA11-E7A0CDF56B75}"
EndProject
Global
	GlobalSection(SolutionConfigurationPlatforms) = preSolution
		Debug|Any CPU = Debug|Any CPU
		Release|Any CPU = Release|Any CPU
	EndGlobalSection
	GlobalSection(ProjectConfigurationPlatforms) = postSolution
		{2BAEB610-1A19-47D7-B133-58125143E155}.Debug|Any CPU.ActiveCfg = Debug|Any CPU
		{2BAEB610-1A19-47D7-B133-58125143E155}.Debug|Any CPU.Build.0 = Debug|Any CPU
		{2BAEB610-1A19-47D7-B133-58125143E155}.Release|Any CPU.ActiveCfg = Release|Any CPU
		{2BAEB610-1A19-47D7-B133-58125143E155}.Release|Any CPU.Build.0 = Release|Any CPU
		{43F675A6-A709-454D-8A89-9AE42B80FEB5}.Debug|Any CPU.ActiveCfg = Debug|Any CPU
		{43F675A6-A709-454D-8A89-9AE42B80FEB5}.Debug|Any CPU.Build.0 = Debug|Any CPU
		{43F675A6-A709-454D-8A89-9AE42B80FEB5}.Release|Any CPU.ActiveCfg = Release|Any CPU
		{43F675A6-A709-454D-8A89-9AE42B80FEB5}.Release|Any CPU.Build.0 = Release|Any CPU
		{3E4B2958-7649-49E2-9396-95E75C51539F}.Debug|Any CPU.ActiveCfg = Debug|Any CPU
		{3E4B2958-7649-49E2-9396-95E75C51539F}.Debug|Any CPU.Build.0 = Debug|Any CPU
		{3E4B2958-7649-49E2-9396-95E75C51539F}.Release|Any CPU.ActiveCfg = Release|Any CPU
		{3E4B2958-7649-49E2-9396-95E75C51539F}.Release|Any CPU.Build.0 = Release|Any CPU
		{6BBCB8CA-D311-483B-BA11-E7A0CDF56B75}.Debug|Any CPU.ActiveCfg = Debug|Any CPU
		{6BBCB8CA-D311-483B-BA11-E7A0CDF56B75}.Debug|Any CPU.Build.0 = Debug|Any CPU
		{6BBCB8CA-D311-483B-BA11-E7A0CDF56B75}.Release|Any CPU.ActiveCfg = Release|Any CPU
		{6BBCB8CA-D311-483B-BA11-E7A0CDF56B75}.Release|Any CPU.Build.0 = Release|Any CPU
	EndGlobalSection
	GlobalSection(SolutionProperties) = preSolution
		HideSolutionNode = FALSE
	EndGlobalSection
	GlobalSection(ExtensibilityGlobals) = postSolution
		SolutionGuid = {2B1BAF0A-5F9B-4BBC-851F-DB008AFF5DB5}
	EndGlobalSection
EndGlobal
